
Microsoft Visual Studio Solution File, Format Version 12.00
# Visual Studio Version 17
VisualStudioVersion = 17.5.002.0
MinimumVisualStudioVersion = 10.0.40219.1
Project("{2150E333-8FDC-42A3-9474-1A3956D46DE8}") = "csharp-prep", "csharp-prep", "{86945B07-2A50-4D3B-A12D-4E89AB2422C5}"
EndProject
Project("{9A19103F-16F7-4668-BE54-9A1E7A4F7556}") = "Prep1", "csharp-prep\Prep1\Prep1.csproj", "{759ECAE5-CD3A-489D-94A7-A2D24D045D6A}"
EndProject
Project("{9A19103F-16F7-4668-BE54-9A1E7A4F7556}") = "Prep2", "csharp-prep\Prep2\Prep2.csproj", "{6C6509CE-40F1-4D2C-BA56-6722167DA2B5}"
EndProject
Project("{9A19103F-16F7-4668-BE54-9A1E7A4F7556}") = "Prep3", "csharp-prep\Prep3\Prep3.csproj", "{AF4A5E47-8DBF-4CE5-93F5-6F2277BD9669}"
EndProject
Project("{9A19103F-16F7-4668-BE54-9A1E7A4F7556}") = "Prep4", "csharp-prep\Prep4\Prep4.csproj", "{47EA21DC-5EB6-4C59-9709-547FB4E38FE5}"
EndProject
Project("{9A19103F-16F7-4668-BE54-9A1E7A4F7556}") = "Prep5", "csharp-prep\Prep5\Prep5.csproj", "{C49D85E1-947F-4D9F-BBF3-4EFD39D70485}"
EndProject
Project("{2150E333-8FDC-42A3-9474-1A3956D46DE8}") = "final", "final", "{6FCAA259-035C-45D4-A027-E6EC5A80DF8C}"
EndProject
Project("{9A19103F-16F7-4668-BE54-9A1E7A4F7556}") = "FinalProject", "final\FinalProject\FinalProject.csproj", "{0A6C4A73-5E3F-4058-9A9F-F8529D0DE630}"
EndProject
Project("{9A19103F-16F7-4668-BE54-9A1E7A4F7556}") = "Foundation1", "final\Foundation1\Foundation1.csproj", "{BF0BDA0D-7E2F-4BE4-9685-78EA7F2E3928}"
EndProject
Project("{9A19103F-16F7-4668-BE54-9A1E7A4F7556}") = "Foundation2", "final\Foundation2\Foundation2.csproj", "{86B35756-0B0A-4947-9C7D-DBBEAA1FAF5A}"
EndProject
Project("{9A19103F-16F7-4668-BE54-9A1E7A4F7556}") = "Foundation3", "final\Foundation3\Foundation3.csproj", "{2F8B6221-A968-4761-A8AF-ECD88C22C207}"
EndProject
Project("{9A19103F-16F7-4668-BE54-9A1E7A4F7556}") = "Foundation4", "final\Foundation4\Foundation4.csproj", "{575BE014-6011-47E1-AC3A-5592100A172B}"
EndProject
Project("{2150E333-8FDC-42A3-9474-1A3956D46DE8}") = "prepare", "prepare", "{C2D9A79D-DA5D-4B19-B0FD-8CC0D0B83F40}"
EndProject
Project("{9A19103F-16F7-4668-BE54-9A1E7A4F7556}") = "Learning02", "prepare\Learning02\Learning02.csproj", "{6E035BEA-453B-400F-9983-6E5AE8F3FB2F}"
EndProject
Project("{9A19103F-16F7-4668-BE54-9A1E7A4F7556}") = "Learning03", "prepare\Learning03\Learning03.csproj", "{8B9877D9-0DF3-47DB-A4E2-12E82BF33120}"
EndProject
Project("{9A19103F-16F7-4668-BE54-9A1E7A4F7556}") = "Learning04", "prepare\Learning04\Learning04.csproj", "{74FC6D8E-8CBA-44C8-9DE7-E25AE4C37AB8}"
EndProject
Project("{9A19103F-16F7-4668-BE54-9A1E7A4F7556}") = "Learning05", "prepare\Learning05\Learning05.csproj", "{F7E95D37-467B-4053-86F7-18238564D67C}"
EndProject
Project("{2150E333-8FDC-42A3-9474-1A3956D46DE8}") = "prove", "prove", "{9536A1E7-A1A6-43ED-B068-896705320BC2}"
EndProject
Project("{9A19103F-16F7-4668-BE54-9A1E7A4F7556}") = "Develop02", "prove\Develop02\Develop02.csproj", "{EB7CF3EC-99AE-4B72-BD2C-5D1BE39FF29E}"
EndProject
Project("{9A19103F-16F7-4668-BE54-9A1E7A4F7556}") = "Develop03", "prove\Develop03\Develop03.csproj", "{C270B9FC-FEEE-44C9-B312-DF4CEDB8F3AB}"
EndProject
Project("{9A19103F-16F7-4668-BE54-9A1E7A4F7556}") = "Develop04", "prove\Develop04\Develop04.csproj", "{74377B3D-FD03-4212-B708-7D69AD20B09A}"
EndProject
Project("{9A19103F-16F7-4668-BE54-9A1E7A4F7556}") = "Develop05", "prove\Develop05\Develop05.csproj", "{316B46CA-2BDD-401E-9833-A8BC1C19D673}"
EndProject
Project("{2150E333-8FDC-42A3-9474-1A3956D46DE8}") = "sandbox", "sandbox", "{106E2F69-D27A-4F14-8280-F695E5A9C48B}"
EndProject
Project("{9A19103F-16F7-4668-BE54-9A1E7A4F7556}") = "Sandbox", "sandbox\Sandbox\Sandbox.csproj", "{FD495543-8E1F-4783-830C-BE8D09F085F5}"
EndProject
Global
	GlobalSection(SolutionConfigurationPlatforms) = preSolution
		Debug|Any CPU = Debug|Any CPU
		Release|Any CPU = Release|Any CPU
	EndGlobalSection
	GlobalSection(ProjectConfigurationPlatforms) = postSolution
		{759ECAE5-CD3A-489D-94A7-A2D24D045D6A}.Debug|Any CPU.ActiveCfg = Debug|Any CPU
		{759ECAE5-CD3A-489D-94A7-A2D24D045D6A}.Debug|Any CPU.Build.0 = Debug|Any CPU
		{759ECAE5-CD3A-489D-94A7-A2D24D045D6A}.Release|Any CPU.ActiveCfg = Release|Any CPU
		{759ECAE5-CD3A-489D-94A7-A2D24D045D6A}.Release|Any CPU.Build.0 = Release|Any CPU
		{6C6509CE-40F1-4D2C-BA56-6722167DA2B5}.Debug|Any CPU.ActiveCfg = Debug|Any CPU
		{6C6509CE-40F1-4D2C-BA56-6722167DA2B5}.Debug|Any CPU.Build.0 = Debug|Any CPU
		{6C6509CE-40F1-4D2C-BA56-6722167DA2B5}.Release|Any CPU.ActiveCfg = Release|Any CPU
		{6C6509CE-40F1-4D2C-BA56-6722167DA2B5}.Release|Any CPU.Build.0 = Release|Any CPU
		{AF4A5E47-8DBF-4CE5-93F5-6F2277BD9669}.Debug|Any CPU.ActiveCfg = Debug|Any CPU
		{AF4A5E47-8DBF-4CE5-93F5-6F2277BD9669}.Debug|Any CPU.Build.0 = Debug|Any CPU
		{AF4A5E47-8DBF-4CE5-93F5-6F2277BD9669}.Release|Any CPU.ActiveCfg = Release|Any CPU
		{AF4A5E47-8DBF-4CE5-93F5-6F2277BD9669}.Release|Any CPU.Build.0 = Release|Any CPU
		{47EA21DC-5EB6-4C59-9709-547FB4E38FE5}.Debug|Any CPU.ActiveCfg = Debug|Any CPU
		{47EA21DC-5EB6-4C59-9709-547FB4E38FE5}.Debug|Any CPU.Build.0 = Debug|Any CPU
		{47EA21DC-5EB6-4C59-9709-547FB4E38FE5}.Release|Any CPU.ActiveCfg = Release|Any CPU
		{47EA21DC-5EB6-4C59-9709-547FB4E38FE5}.Release|Any CPU.Build.0 = Release|Any CPU
		{C49D85E1-947F-4D9F-BBF3-4EFD39D70485}.Debug|Any CPU.ActiveCfg = Debug|Any CPU
		{C49D85E1-947F-4D9F-BBF3-4EFD39D70485}.Debug|Any CPU.Build.0 = Debug|Any CPU
		{C49D85E1-947F-4D9F-BBF3-4EFD39D70485}.Release|Any CPU.ActiveCfg = Release|Any CPU
		{C49D85E1-947F-4D9F-BBF3-4EFD39D70485}.Release|Any CPU.Build.0 = Release|Any CPU
		{0A6C4A73-5E3F-4058-9A9F-F8529D0DE630}.Debug|Any CPU.ActiveCfg = Debug|Any CPU
		{0A6C4A73-5E3F-4058-9A9F-F8529D0DE630}.Debug|Any CPU.Build.0 = Debug|Any CPU
		{0A6C4A73-5E3F-4058-9A9F-F8529D0DE630}.Release|Any CPU.ActiveCfg = Release|Any CPU
		{0A6C4A73-5E3F-4058-9A9F-F8529D0DE630}.Release|Any CPU.Build.0 = Release|Any CPU
		{BF0BDA0D-7E2F-4BE4-9685-78EA7F2E3928}.Debug|Any CPU.ActiveCfg = Debug|Any CPU
		{BF0BDA0D-7E2F-4BE4-9685-78EA7F2E3928}.Debug|Any CPU.Build.0 = Debug|Any CPU
		{BF0BDA0D-7E2F-4BE4-9685-78EA7F2E3928}.Release|Any CPU.ActiveCfg = Release|Any CPU
		{BF0BDA0D-7E2F-4BE4-9685-78EA7F2E3928}.Release|Any CPU.Build.0 = Release|Any CPU
		{86B35756-0B0A-4947-9C7D-DBBEAA1FAF5A}.Debug|Any CPU.ActiveCfg = Debug|Any CPU
		{86B35756-0B0A-4947-9C7D-DBBEAA1FAF5A}.Debug|Any CPU.Build.0 = Debug|Any CPU
		{86B35756-0B0A-4947-9C7D-DBBEAA1FAF5A}.Release|Any CPU.ActiveCfg = Release|Any CPU
		{86B35756-0B0A-4947-9C7D-DBBEAA1FAF5A}.Release|Any CPU.Build.0 = Release|Any CPU
		{2F8B6221-A968-4761-A8AF-ECD88C22C207}.Debug|Any CPU.ActiveCfg = Debug|Any CPU
		{2F8B6221-A968-4761-A8AF-ECD88C22C207}.Debug|Any CPU.Build.0 = Debug|Any CPU
		{2F8B6221-A968-4761-A8AF-ECD88C22C207}.Release|Any CPU.ActiveCfg = Release|Any CPU
		{2F8B6221-A968-4761-A8AF-ECD88C22C207}.Release|Any CPU.Build.0 = Release|Any CPU
		{575BE014-6011-47E1-AC3A-5592100A172B}.Debug|Any CPU.ActiveCfg = Debug|Any CPU
		{575BE014-6011-47E1-AC3A-5592100A172B}.Debug|Any CPU.Build.0 = Debug|Any CPU
		{575BE014-6011-47E1-AC3A-5592100A172B}.Release|Any CPU.ActiveCfg = Release|Any CPU
		{575BE014-6011-47E1-AC3A-5592100A172B}.Release|Any CPU.Build.0 = Release|Any CPU
		{6E035BEA-453B-400F-9983-6E5AE8F3FB2F}.Debug|Any CPU.ActiveCfg = Debug|Any CPU
		{6E035BEA-453B-400F-9983-6E5AE8F3FB2F}.Debug|Any CPU.Build.0 = Debug|Any CPU
		{6E035BEA-453B-400F-9983-6E5AE8F3FB2F}.Release|Any CPU.ActiveCfg = Release|Any CPU
		{6E035BEA-453B-400F-9983-6E5AE8F3FB2F}.Release|Any CPU.Build.0 = Release|Any CPU
		{8B9877D9-0DF3-47DB-A4E2-12E82BF33120}.Debug|Any CPU.ActiveCfg = Debug|Any CPU
		{8B9877D9-0DF3-47DB-A4E2-12E82BF33120}.Debug|Any CPU.Build.0 = Debug|Any CPU
		{8B9877D9-0DF3-47DB-A4E2-12E82BF33120}.Release|Any CPU.ActiveCfg = Release|Any CPU
		{8B9877D9-0DF3-47DB-A4E2-12E82BF33120}.Release|Any CPU.Build.0 = Release|Any CPU
		{74FC6D8E-8CBA-44C8-9DE7-E25AE4C37AB8}.Debug|Any CPU.ActiveCfg = Debug|Any CPU
		{74FC6D8E-8CBA-44C8-9DE7-E25AE4C37AB8}.Debug|Any CPU.Build.0 = Debug|Any CPU
		{74FC6D8E-8CBA-44C8-9DE7-E25AE4C37AB8}.Release|Any CPU.ActiveCfg = Release|Any CPU
		{74FC6D8E-8CBA-44C8-9DE7-E25AE4C37AB8}.Release|Any CPU.Build.0 = Release|Any CPU
		{F7E95D37-467B-4053-86F7-18238564D67C}.Debug|Any CPU.ActiveCfg = Debug|Any CPU
		{F7E95D37-467B-4053-86F7-18238564D67C}.Debug|Any CPU.Build.0 = Debug|Any CPU
		{F7E95D37-467B-4053-86F7-18238564D67C}.Release|Any CPU.ActiveCfg = Release|Any CPU
		{F7E95D37-467B-4053-86F7-18238564D67C}.Release|Any CPU.Build.0 = Release|Any CPU
		{EB7CF3EC-99AE-4B72-BD2C-5D1BE39FF29E}.Debug|Any CPU.ActiveCfg = Debug|Any CPU
		{EB7CF3EC-99AE-4B72-BD2C-5D1BE39FF29E}.Debug|Any CPU.Build.0 = Debug|Any CPU
		{EB7CF3EC-99AE-4B72-BD2C-5D1BE39FF29E}.Release|Any CPU.ActiveCfg = Release|Any CPU
		{EB7CF3EC-99AE-4B72-BD2C-5D1BE39FF29E}.Release|Any CPU.Build.0 = Release|Any CPU
		{C270B9FC-FEEE-44C9-B312-DF4CEDB8F3AB}.Debug|Any CPU.ActiveCfg = Debug|Any CPU
		{C270B9FC-FEEE-44C9-B312-DF4CEDB8F3AB}.Debug|Any CPU.Build.0 = Debug|Any CPU
		{C270B9FC-FEEE-44C9-B312-DF4CEDB8F3AB}.Release|Any CPU.ActiveCfg = Release|Any CPU
		{C270B9FC-FEEE-44C9-B312-DF4CEDB8F3AB}.Release|Any CPU.Build.0 = Release|Any CPU
		{74377B3D-FD03-4212-B708-7D69AD20B09A}.Debug|Any CPU.ActiveCfg = Debug|Any CPU
		{74377B3D-FD03-4212-B708-7D69AD20B09A}.Debug|Any CPU.Build.0 = Debug|Any CPU
		{74377B3D-FD03-4212-B708-7D69AD20B09A}.Release|Any CPU.ActiveCfg = Release|Any CPU
		{74377B3D-FD03-4212-B708-7D69AD20B09A}.Release|Any CPU.Build.0 = Release|Any CPU
		{316B46CA-2BDD-401E-9833-A8BC1C19D673}.Debug|Any CPU.ActiveCfg = Debug|Any CPU
		{316B46CA-2BDD-401E-9833-A8BC1C19D673}.Debug|Any CPU.Build.0 = Debug|Any CPU
		{316B46CA-2BDD-401E-9833-A8BC1C19D673}.Release|Any CPU.ActiveCfg = Release|Any CPU
		{316B46CA-2BDD-401E-9833-A8BC1C19D673}.Release|Any CPU.Build.0 = Release|Any CPU
		{FD495543-8E1F-4783-830C-BE8D09F085F5}.Debug|Any CPU.ActiveCfg = Debug|Any CPU
		{FD495543-8E1F-4783-830C-BE8D09F085F5}.Debug|Any CPU.Build.0 = Debug|Any CPU
		{FD495543-8E1F-4783-830C-BE8D09F085F5}.Release|Any CPU.ActiveCfg = Release|Any CPU
		{FD495543-8E1F-4783-830C-BE8D09F085F5}.Release|Any CPU.Build.0 = Release|Any CPU
	EndGlobalSection
	GlobalSection(SolutionProperties) = preSolution
		HideSolutionNode = FALSE
	EndGlobalSection
	GlobalSection(NestedProjects) = preSolution
		{759ECAE5-CD3A-489D-94A7-A2D24D045D6A} = {86945B07-2A50-4D3B-A12D-4E89AB2422C5}
		{6C6509CE-40F1-4D2C-BA56-6722167DA2B5} = {86945B07-2A50-4D3B-A12D-4E89AB2422C5}
		{AF4A5E47-8DBF-4CE5-93F5-6F2277BD9669} = {86945B07-2A50-4D3B-A12D-4E89AB2422C5}
		{47EA21DC-5EB6-4C59-9709-547FB4E38FE5} = {86945B07-2A50-4D3B-A12D-4E89AB2422C5}
		{C49D85E1-947F-4D9F-BBF3-4EFD39D70485} = {86945B07-2A50-4D3B-A12D-4E89AB2422C5}
		{0A6C4A73-5E3F-4058-9A9F-F8529D0DE630} = {6FCAA259-035C-45D4-A027-E6EC5A80DF8C}
		{BF0BDA0D-7E2F-4BE4-9685-78EA7F2E3928} = {6FCAA259-035C-45D4-A027-E6EC5A80DF8C}
		{86B35756-0B0A-4947-9C7D-DBBEAA1FAF5A} = {6FCAA259-035C-45D4-A027-E6EC5A80DF8C}
		{2F8B6221-A968-4761-A8AF-ECD88C22C207} = {6FCAA259-035C-45D4-A027-E6EC5A80DF8C}
		{575BE014-6011-47E1-AC3A-5592100A172B} = {6FCAA259-035C-45D4-A027-E6EC5A80DF8C}
		{6E035BEA-453B-400F-9983-6E5AE8F3FB2F} = {C2D9A79D-DA5D-4B19-B0FD-8CC0D0B83F40}
		{8B9877D9-0DF3-47DB-A4E2-12E82BF33120} = {C2D9A79D-DA5D-4B19-B0FD-8CC0D0B83F40}
		{74FC6D8E-8CBA-44C8-9DE7-E25AE4C37AB8} = {C2D9A79D-DA5D-4B19-B0FD-8CC0D0B83F40}
		{F7E95D37-467B-4053-86F7-18238564D67C} = {C2D9A79D-DA5D-4B19-B0FD-8CC0D0B83F40}
		{EB7CF3EC-99AE-4B72-BD2C-5D1BE39FF29E} = {9536A1E7-A1A6-43ED-B068-896705320BC2}
		{C270B9FC-FEEE-44C9-B312-DF4CEDB8F3AB} = {9536A1E7-A1A6-43ED-B068-896705320BC2}
		{74377B3D-FD03-4212-B708-7D69AD20B09A} = {9536A1E7-A1A6-43ED-B068-896705320BC2}
		{316B46CA-2BDD-401E-9833-A8BC1C19D673} = {9536A1E7-A1A6-43ED-B068-896705320BC2}
		{FD495543-8E1F-4783-830C-BE8D09F085F5} = {106E2F69-D27A-4F14-8280-F695E5A9C48B}
	EndGlobalSection
	GlobalSection(ExtensibilityGlobals) = postSolution
		SolutionGuid = {29E6A5CE-9005-4AFE-9C17-F0A34ED7F7AB}
	EndGlobalSection
EndGlobal
